// !$*UTF8*$!
{
	archiveVersion = 1;
	classes = {
	};
	objectVersion = 56;
	objects = {

/* Begin PBXBuildFile section */
		18144E7F291CDFC1000223D9 /* __6_coredata_musicApp.swift in Sources */ = {isa = PBXBuildFile; fileRef = 18144E7E291CDFC1000223D9 /* __6_coredata_musicApp.swift */; };
		18144E81291CDFC1000223D9 /* ContentView.swift in Sources */ = {isa = PBXBuildFile; fileRef = 18144E80291CDFC1000223D9 /* ContentView.swift */; };
		18144E83291CDFC2000223D9 /* Assets.xcassets in Resources */ = {isa = PBXBuildFile; fileRef = 18144E82291CDFC2000223D9 /* Assets.xcassets */; };
		18144E86291CDFC2000223D9 /* Preview Assets.xcassets in Resources */ = {isa = PBXBuildFile; fileRef = 18144E85291CDFC2000223D9 /* Preview Assets.xcassets */; };
		18144E96291CFB36000223D9 /* musicPlayerDB.xcdatamodeld in Sources */ = {isa = PBXBuildFile; fileRef = 18144E94291CFB36000223D9 /* musicPlayerDB.xcdatamodeld */; };
		18144E9A291D0029000223D9 /* song12.mp3 in Resources */ = {isa = PBXBuildFile; fileRef = 18144E99291D0029000223D9 /* song12.mp3 */; };
		18144E9C291D0032000223D9 /* Pablo.mp3 in Resources */ = {isa = PBXBuildFile; fileRef = 18144E9B291D0032000223D9 /* Pablo.mp3 */; };
		18144E9E291D0038000223D9 /* song5.mp3 in Resources */ = {isa = PBXBuildFile; fileRef = 18144E9D291D0038000223D9 /* song5.mp3 */; };
		18144EA0291D0115000223D9 /* riseup.mp3 in Resources */ = {isa = PBXBuildFile; fileRef = 18144E9F291D0115000223D9 /* riseup.mp3 */; };
		18144EA2291D144F000223D9 /* MiniPlayer1.swift in Sources */ = {isa = PBXBuildFile; fileRef = 18144EA1291D144F000223D9 /* MiniPlayer1.swift */; };
		18144EA4291D1CAD000223D9 /* SongCard.swift in Sources */ = {isa = PBXBuildFile; fileRef = 18144EA3291D1CAD000223D9 /* SongCard.swift */; };
		18144EA6291E005B000223D9 /* BlurView.swift in Sources */ = {isa = PBXBuildFile; fileRef = 18144EA5291E005B000223D9 /* BlurView.swift */; };
		18144EAA291E09C8000223D9 /* TabBArView.swift in Sources */ = {isa = PBXBuildFile; fileRef = 18144EA9291E09C8000223D9 /* TabBArView.swift */; };
		18144EAC291E0D16000223D9 /* HomeView.swift in Sources */ = {isa = PBXBuildFile; fileRef = 18144EAB291E0D16000223D9 /* HomeView.swift */; };
		181D434729276105005C86EE /* FavouritesPlaylist.swift in Sources */ = {isa = PBXBuildFile; fileRef = 181D434629276105005C86EE /* FavouritesPlaylist.swift */; };
		181D434929276733005C86EE /* DeveloperSettings.swift in Sources */ = {isa = PBXBuildFile; fileRef = 181D434829276733005C86EE /* DeveloperSettings.swift */; };
		181D4381292C8C5B005C86EE /* SongsDB+CoreDataClass.swift in Sources */ = {isa = PBXBuildFile; fileRef = 181D437F292C8C5B005C86EE /* SongsDB+CoreDataClass.swift */; };
		181D4382292C8C5B005C86EE /* SongsDB+CoreDataProperties.swift in Sources */ = {isa = PBXBuildFile; fileRef = 181D4380292C8C5B005C86EE /* SongsDB+CoreDataProperties.swift */; };
		181D4384292C8D11005C86EE /* Home2.swift in Sources */ = {isa = PBXBuildFile; fileRef = 181D4383292C8D11005C86EE /* Home2.swift */; };
		181D4386292C900C005C86EE /* FilteredList.swift in Sources */ = {isa = PBXBuildFile; fileRef = 181D4385292C900C005C86EE /* FilteredList.swift */; };
		181D4388292C9DE5005C86EE /* musicPlayerClass.swift in Sources */ = {isa = PBXBuildFile; fileRef = 181D4387292C9DE5005C86EE /* musicPlayerClass.swift */; };
		18235BD12920B91B00716445 /* Libraries.swift in Sources */ = {isa = PBXBuildFile; fileRef = 18235BD02920B91B00716445 /* Libraries.swift */; };
		18235BDB29234C8B00716445 /* AddNewPlaylist.swift in Sources */ = {isa = PBXBuildFile; fileRef = 18235BDA29234C8B00716445 /* AddNewPlaylist.swift */; };
		18235BDD2923621300716445 /* Persistence.swift in Sources */ = {isa = PBXBuildFile; fileRef = 18235BDC2923621300716445 /* Persistence.swift */; };
		18235BDF29236F4A00716445 /* PlaylistCard.swift in Sources */ = {isa = PBXBuildFile; fileRef = 18235BDE29236F4A00716445 /* PlaylistCard.swift */; };
		18235BE129237CDF00716445 /* AddSongsToPlaylist.swift in Sources */ = {isa = PBXBuildFile; fileRef = 18235BE029237CDF00716445 /* AddSongsToPlaylist.swift */; };
		18235BE329237F4500716445 /* CategoryView.swift in Sources */ = {isa = PBXBuildFile; fileRef = 18235BE229237F4500716445 /* CategoryView.swift */; };
		1885CDDA2965A00D00830CAC /* EachCategoryView.swift in Sources */ = {isa = PBXBuildFile; fileRef = 1885CDD92965A00D00830CAC /* EachCategoryView.swift */; };
		18E95C75293B0EA200083A59 /* Category+CoreDataClass.swift in Sources */ = {isa = PBXBuildFile; fileRef = 18E95C73293B0EA200083A59 /* Category+CoreDataClass.swift */; };
		18E95C76293B0EA200083A59 /* Category+CoreDataProperties.swift in Sources */ = {isa = PBXBuildFile; fileRef = 18E95C74293B0EA200083A59 /* Category+CoreDataProperties.swift */; };
		18E95C83293F058600083A59 /* SettingView.swift in Sources */ = {isa = PBXBuildFile; fileRef = 18E95C82293F058600083A59 /* SettingView.swift */; };
		18E95C85293F161600083A59 /* DeveloperLogin.swift in Sources */ = {isa = PBXBuildFile; fileRef = 18E95C84293F161600083A59 /* DeveloperLogin.swift */; };
		18F718B5292DDABE00882618 /* Item+CoreDataClass.swift in Sources */ = {isa = PBXBuildFile; fileRef = 18F718B3292DDABE00882618 /* Item+CoreDataClass.swift */; };
		18F718B6292DDABE00882618 /* Item+CoreDataProperties.swift in Sources */ = {isa = PBXBuildFile; fileRef = 18F718B4292DDABE00882618 /* Item+CoreDataProperties.swift */; };
/* End PBXBuildFile section */

/* Begin PBXFileReference section */
		18144E7B291CDFC1000223D9 /* 8.6 coredata music.app */ = {isa = PBXFileReference; explicitFileType = wrapper.application; includeInIndex = 0; path = "8.6 coredata music.app"; sourceTree = BUILT_PRODUCTS_DIR; };
		18144E7E291CDFC1000223D9 /* __6_coredata_musicApp.swift */ = {isa = PBXFileReference; lastKnownFileType = sourcecode.swift; path = __6_coredata_musicApp.swift; sourceTree = "<group>"; };
		18144E80291CDFC1000223D9 /* ContentView.swift */ = {isa = PBXFileReference; lastKnownFileType = sourcecode.swift; path = ContentView.swift; sourceTree = "<group>"; };
		18144E82291CDFC2000223D9 /* Assets.xcassets */ = {isa = PBXFileReference; lastKnownFileType = folder.assetcatalog; path = Assets.xcassets; sourceTree = "<group>"; };
		18144E85291CDFC2000223D9 /* Preview Assets.xcassets */ = {isa = PBXFileReference; lastKnownFileType = folder.assetcatalog; path = "Preview Assets.xcassets"; sourceTree = "<group>"; };
		18144E95291CFB36000223D9 /* musicPlayerDB.xcdatamodel */ = {isa = PBXFileReference; lastKnownFileType = wrapper.xcdatamodel; path = musicPlayerDB.xcdatamodel; sourceTree = "<group>"; };
		18144E99291D0029000223D9 /* song12.mp3 */ = {isa = PBXFileReference; lastKnownFileType = audio.mp3; path = song12.mp3; sourceTree = "<group>"; };
		18144E9B291D0032000223D9 /* Pablo.mp3 */ = {isa = PBXFileReference; lastKnownFileType = audio.mp3; path = Pablo.mp3; sourceTree = "<group>"; };
		18144E9D291D0038000223D9 /* song5.mp3 */ = {isa = PBXFileReference; lastKnownFileType = audio.mp3; path = song5.mp3; sourceTree = "<group>"; };
		18144E9F291D0115000223D9 /* riseup.mp3 */ = {isa = PBXFileReference; lastKnownFileType = audio.mp3; path = riseup.mp3; sourceTree = "<group>"; };
		18144EA1291D144F000223D9 /* MiniPlayer1.swift */ = {isa = PBXFileReference; lastKnownFileType = sourcecode.swift; path = MiniPlayer1.swift; sourceTree = "<group>"; };
		18144EA3291D1CAD000223D9 /* SongCard.swift */ = {isa = PBXFileReference; lastKnownFileType = sourcecode.swift; path = SongCard.swift; sourceTree = "<group>"; };
		18144EA5291E005B000223D9 /* BlurView.swift */ = {isa = PBXFileReference; lastKnownFileType = sourcecode.swift; path = BlurView.swift; sourceTree = "<group>"; };
		18144EA9291E09C8000223D9 /* TabBArView.swift */ = {isa = PBXFileReference; lastKnownFileType = sourcecode.swift; path = TabBArView.swift; sourceTree = "<group>"; };
		18144EAB291E0D16000223D9 /* HomeView.swift */ = {isa = PBXFileReference; lastKnownFileType = sourcecode.swift; path = HomeView.swift; sourceTree = "<group>"; };
		181D434629276105005C86EE /* FavouritesPlaylist.swift */ = {isa = PBXFileReference; lastKnownFileType = sourcecode.swift; path = FavouritesPlaylist.swift; sourceTree = "<group>"; };
		181D434829276733005C86EE /* DeveloperSettings.swift */ = {isa = PBXFileReference; lastKnownFileType = sourcecode.swift; path = DeveloperSettings.swift; sourceTree = "<group>"; };
		181D437E292B7513005C86EE /* --6-coredata-music-Info.plist */ = {isa = PBXFileReference; lastKnownFileType = text.plist; path = "--6-coredata-music-Info.plist"; sourceTree = SOURCE_ROOT; };
		181D437F292C8C5B005C86EE /* SongsDB+CoreDataClass.swift */ = {isa = PBXFileReference; lastKnownFileType = sourcecode.swift; path = "SongsDB+CoreDataClass.swift"; sourceTree = "<group>"; };
		181D4380292C8C5B005C86EE /* SongsDB+CoreDataProperties.swift */ = {isa = PBXFileReference; lastKnownFileType = sourcecode.swift; path = "SongsDB+CoreDataProperties.swift"; sourceTree = "<group>"; };
		181D4383292C8D11005C86EE /* Home2.swift */ = {isa = PBXFileReference; lastKnownFileType = sourcecode.swift; path = Home2.swift; sourceTree = "<group>"; };
		181D4385292C900C005C86EE /* FilteredList.swift */ = {isa = PBXFileReference; lastKnownFileType = sourcecode.swift; path = FilteredList.swift; sourceTree = "<group>"; };
		181D4387292C9DE5005C86EE /* musicPlayerClass.swift */ = {isa = PBXFileReference; lastKnownFileType = sourcecode.swift; path = musicPlayerClass.swift; sourceTree = "<group>"; };
		18235BD02920B91B00716445 /* Libraries.swift */ = {isa = PBXFileReference; lastKnownFileType = sourcecode.swift; path = Libraries.swift; sourceTree = "<group>"; };
		18235BDA29234C8B00716445 /* AddNewPlaylist.swift */ = {isa = PBXFileReference; lastKnownFileType = sourcecode.swift; path = AddNewPlaylist.swift; sourceTree = "<group>"; };
		18235BDC2923621300716445 /* Persistence.swift */ = {isa = PBXFileReference; lastKnownFileType = sourcecode.swift; path = Persistence.swift; sourceTree = "<group>"; };
		18235BDE29236F4A00716445 /* PlaylistCard.swift */ = {isa = PBXFileReference; lastKnownFileType = sourcecode.swift; path = PlaylistCard.swift; sourceTree = "<group>"; };
		18235BE029237CDF00716445 /* AddSongsToPlaylist.swift */ = {isa = PBXFileReference; lastKnownFileType = sourcecode.swift; path = AddSongsToPlaylist.swift; sourceTree = "<group>"; };
		18235BE229237F4500716445 /* CategoryView.swift */ = {isa = PBXFileReference; lastKnownFileType = sourcecode.swift; path = CategoryView.swift; sourceTree = "<group>"; };
		1885CDD92965A00D00830CAC /* EachCategoryView.swift */ = {isa = PBXFileReference; lastKnownFileType = sourcecode.swift; path = EachCategoryView.swift; sourceTree = "<group>"; };
		18E95C73293B0EA200083A59 /* Category+CoreDataClass.swift */ = {isa = PBXFileReference; lastKnownFileType = sourcecode.swift; path = "Category+CoreDataClass.swift"; sourceTree = "<group>"; };
		18E95C74293B0EA200083A59 /* Category+CoreDataProperties.swift */ = {isa = PBXFileReference; lastKnownFileType = sourcecode.swift; path = "Category+CoreDataProperties.swift"; sourceTree = "<group>"; };
		18E95C82293F058600083A59 /* SettingView.swift */ = {isa = PBXFileReference; lastKnownFileType = sourcecode.swift; path = SettingView.swift; sourceTree = "<group>"; };
		18E95C84293F161600083A59 /* DeveloperLogin.swift */ = {isa = PBXFileReference; lastKnownFileType = sourcecode.swift; path = DeveloperLogin.swift; sourceTree = "<group>"; };
		18F718B3292DDABE00882618 /* Item+CoreDataClass.swift */ = {isa = PBXFileReference; lastKnownFileType = sourcecode.swift; path = "Item+CoreDataClass.swift"; sourceTree = "<group>"; };
		18F718B4292DDABE00882618 /* Item+CoreDataProperties.swift */ = {isa = PBXFileReference; lastKnownFileType = sourcecode.swift; path = "Item+CoreDataProperties.swift"; sourceTree = "<group>"; };
/* End PBXFileReference section */

/* Begin PBXFrameworksBuildPhase section */
		18144E78291CDFC1000223D9 /* Frameworks */ = {
			isa = PBXFrameworksBuildPhase;
			buildActionMask = 2147483647;
			files = (
			);
			runOnlyForDeploymentPostprocessing = 0;
		};
/* End PBXFrameworksBuildPhase section */

/* Begin PBXGroup section */
		18144E72291CDFC1000223D9 = {
			isa = PBXGroup;
			children = (
				18144E7D291CDFC1000223D9 /* 8.6 coredata music */,
				18144E7C291CDFC1000223D9 /* Products */,
			);
			sourceTree = "<group>";
		};
		18144E7C291CDFC1000223D9 /* Products */ = {
			isa = PBXGroup;
			children = (
				18144E7B291CDFC1000223D9 /* 8.6 coredata music.app */,
			);
			name = Products;
			sourceTree = "<group>";
		};
		18144E7D291CDFC1000223D9 /* 8.6 coredata music */ = {
			isa = PBXGroup;
			children = (
				181D437E292B7513005C86EE /* --6-coredata-music-Info.plist */,
				18144E7E291CDFC1000223D9 /* __6_coredata_musicApp.swift */,
				181D434F292B2EF7005C86EE /* Miniplayers */,
				181D434D292B2E45005C86EE /* Views */,
				181D434E292B2EB8005C86EE /* Models */,
				18C405EA29370D4A00440316 /* DBController */,
				18C405E929370D1000440316 /* songs */,
				18C405E829370CD600440316 /* CoreDataModels */,
				18144E84291CDFC2000223D9 /* Preview Content */,
			);
			path = "8.6 coredata music";
			sourceTree = "<group>";
		};
		18144E84291CDFC2000223D9 /* Preview Content */ = {
			isa = PBXGroup;
			children = (
				18144E82291CDFC2000223D9 /* Assets.xcassets */,
				18144E85291CDFC2000223D9 /* Preview Assets.xcassets */,
			);
			path = "Preview Content";
			sourceTree = "<group>";
		};
		181D434D292B2E45005C86EE /* Views */ = {
			isa = PBXGroup;
			children = (
				18144E80291CDFC1000223D9 /* ContentView.swift */,
				181D434829276733005C86EE /* DeveloperSettings.swift */,
				18144EA5291E005B000223D9 /* BlurView.swift */,
				181D4385292C900C005C86EE /* FilteredList.swift */,
				181D4383292C8D11005C86EE /* Home2.swift */,
				181D434629276105005C86EE /* FavouritesPlaylist.swift */,
				18235BD02920B91B00716445 /* Libraries.swift */,
				18144EA9291E09C8000223D9 /* TabBArView.swift */,
				18E95C82293F058600083A59 /* SettingView.swift */,
				18E95C84293F161600083A59 /* DeveloperLogin.swift */,
				18144EAB291E0D16000223D9 /* HomeView.swift */,
			);
			path = Views;
			sourceTree = "<group>";
		};
		181D434E292B2EB8005C86EE /* Models */ = {
			isa = PBXGroup;
			children = (
				18144EA3291D1CAD000223D9 /* SongCard.swift */,
				18235BE029237CDF00716445 /* AddSongsToPlaylist.swift */,
				18235BDA29234C8B00716445 /* AddNewPlaylist.swift */,
				18235BDE29236F4A00716445 /* PlaylistCard.swift */,
				18235BE229237F4500716445 /* CategoryView.swift */,
				1885CDD92965A00D00830CAC /* EachCategoryView.swift */,
				181D4387292C9DE5005C86EE /* musicPlayerClass.swift */,
			);
			path = Models;
			sourceTree = "<group>";
		};
		181D434F292B2EF7005C86EE /* Miniplayers */ = {
			isa = PBXGroup;
			children = (
				18144EA1291D144F000223D9 /* MiniPlayer1.swift */,
			);
			path = Miniplayers;
			sourceTree = "<group>";
		};
		18C405E829370CD600440316 /* CoreDataModels */ = {
			isa = PBXGroup;
			children = (
				18144E94291CFB36000223D9 /* musicPlayerDB.xcdatamodeld */,
				18E95C73293B0EA200083A59 /* Category+CoreDataClass.swift */,
				18E95C74293B0EA200083A59 /* Category+CoreDataProperties.swift */,
				18F718B4292DDABE00882618 /* Item+CoreDataProperties.swift */,
				18F718B3292DDABE00882618 /* Item+CoreDataClass.swift */,
				181D437F292C8C5B005C86EE /* SongsDB+CoreDataClass.swift */,
				181D4380292C8C5B005C86EE /* SongsDB+CoreDataProperties.swift */,
			);
			path = CoreDataModels;
			sourceTree = "<group>";
		};
		18C405E929370D1000440316 /* songs */ = {
			isa = PBXGroup;
			children = (
				18144E9F291D0115000223D9 /* riseup.mp3 */,
				18144E9D291D0038000223D9 /* song5.mp3 */,
				18144E9B291D0032000223D9 /* Pablo.mp3 */,
				18144E99291D0029000223D9 /* song12.mp3 */,
			);
			path = songs;
			sourceTree = "<group>";
		};
		18C405EA29370D4A00440316 /* DBController */ = {
			isa = PBXGroup;
			children = (
				18235BDC2923621300716445 /* Persistence.swift */,
			);
			path = DBController;
			sourceTree = "<group>";
		};
/* End PBXGroup section */

/* Begin PBXNativeTarget section */
		18144E7A291CDFC1000223D9 /* 8.6 coredata music */ = {
			isa = PBXNativeTarget;
			buildConfigurationList = 18144E89291CDFC2000223D9 /* Build configuration list for PBXNativeTarget "8.6 coredata music" */;
			buildPhases = (
				18144E77291CDFC1000223D9 /* Sources */,
				18144E78291CDFC1000223D9 /* Frameworks */,
				18144E79291CDFC1000223D9 /* Resources */,
			);
			buildRules = (
			);
			dependencies = (
			);
			name = "8.6 coredata music";
			productName = "8.6 coredata music";
			productReference = 18144E7B291CDFC1000223D9 /* 8.6 coredata music.app */;
			productType = "com.apple.product-type.application";
		};
/* End PBXNativeTarget section */

/* Begin PBXProject section */
		18144E73291CDFC1000223D9 /* Project object */ = {
			isa = PBXProject;
			attributes = {
				BuildIndependentTargetsInParallel = 1;
				KnownAssetTags = (
					New,
				);
				LastSwiftUpdateCheck = 1400;
				LastUpgradeCheck = 1400;
				TargetAttributes = {
					18144E7A291CDFC1000223D9 = {
						CreatedOnToolsVersion = 14.0.1;
					};
				};
			};
			buildConfigurationList = 18144E76291CDFC1000223D9 /* Build configuration list for PBXProject "8.6 coredata music" */;
			compatibilityVersion = "Xcode 14.0";
			developmentRegion = en;
			hasScannedForEncodings = 0;
			knownRegions = (
				en,
				Base,
			);
			mainGroup = 18144E72291CDFC1000223D9;
			productRefGroup = 18144E7C291CDFC1000223D9 /* Products */;
			projectDirPath = "";
			projectRoot = "";
			targets = (
				18144E7A291CDFC1000223D9 /* 8.6 coredata music */,
			);
		};
/* End PBXProject section */

/* Begin PBXResourcesBuildPhase section */
		18144E79291CDFC1000223D9 /* Resources */ = {
			isa = PBXResourcesBuildPhase;
			buildActionMask = 2147483647;
			files = (
				18144EA0291D0115000223D9 /* riseup.mp3 in Resources */,
				18144E86291CDFC2000223D9 /* Preview Assets.xcassets in Resources */,
				18144E9C291D0032000223D9 /* Pablo.mp3 in Resources */,
				18144E83291CDFC2000223D9 /* Assets.xcassets in Resources */,
				18144E9E291D0038000223D9 /* song5.mp3 in Resources */,
				18144E9A291D0029000223D9 /* song12.mp3 in Resources */,
			);
			runOnlyForDeploymentPostprocessing = 0;
		};
/* End PBXResourcesBuildPhase section */

/* Begin PBXSourcesBuildPhase section */
		18144E77291CDFC1000223D9 /* Sources */ = {
			isa = PBXSourcesBuildPhase;
			buildActionMask = 2147483647;
			files = (
				18F718B5292DDABE00882618 /* Item+CoreDataClass.swift in Sources */,
				18144EA4291D1CAD000223D9 /* SongCard.swift in Sources */,
				18144EAA291E09C8000223D9 /* TabBArView.swift in Sources */,
				18E95C75293B0EA200083A59 /* Category+CoreDataClass.swift in Sources */,
				181D4381292C8C5B005C86EE /* SongsDB+CoreDataClass.swift in Sources */,
				18235BDB29234C8B00716445 /* AddNewPlaylist.swift in Sources */,
				18E95C85293F161600083A59 /* DeveloperLogin.swift in Sources */,
				18144EA6291E005B000223D9 /* BlurView.swift in Sources */,
				18235BE129237CDF00716445 /* AddSongsToPlaylist.swift in Sources */,
				18F718B6292DDABE00882618 /* Item+CoreDataProperties.swift in Sources */,
				18144EAC291E0D16000223D9 /* HomeView.swift in Sources */,
				18E95C76293B0EA200083A59 /* Category+CoreDataProperties.swift in Sources */,
				18144E81291CDFC1000223D9 /* ContentView.swift in Sources */,
				18235BE329237F4500716445 /* CategoryView.swift in Sources */,
				181D434729276105005C86EE /* FavouritesPlaylist.swift in Sources */,
				181D4386292C900C005C86EE /* FilteredList.swift in Sources */,
				181D4384292C8D11005C86EE /* Home2.swift in Sources */,
				181D434929276733005C86EE /* DeveloperSettings.swift in Sources */,
				18E95C83293F058600083A59 /* SettingView.swift in Sources */,
				1885CDDA2965A00D00830CAC /* EachCategoryView.swift in Sources */,
				18144E7F291CDFC1000223D9 /* __6_coredata_musicApp.swift in Sources */,
				18235BD12920B91B00716445 /* Libraries.swift in Sources */,
				18235BDF29236F4A00716445 /* PlaylistCard.swift in Sources */,
				18235BDD2923621300716445 /* Persistence.swift in Sources */,
				18144E96291CFB36000223D9 /* musicPlayerDB.xcdatamodeld in Sources */,
				181D4388292C9DE5005C86EE /* musicPlayerClass.swift in Sources */,
				18144EA2291D144F000223D9 /* MiniPlayer1.swift in Sources */,
				181D4382292C8C5B005C86EE /* SongsDB+CoreDataProperties.swift in Sources */,
			);
			runOnlyForDeploymentPostprocessing = 0;
		};
/* End PBXSourcesBuildPhase section */

/* Begin XCBuildConfiguration section */
		18144E87291CDFC2000223D9 /* Debug */ = {
			isa = XCBuildConfiguration;
			buildSettings = {
				ALWAYS_SEARCH_USER_PATHS = NO;
				CLANG_ANALYZER_NONNULL = YES;
				CLANG_ANALYZER_NUMBER_OBJECT_CONVERSION = YES_AGGRESSIVE;
				CLANG_CXX_LANGUAGE_STANDARD = "gnu++20";
				CLANG_ENABLE_MODULES = YES;
				CLANG_ENABLE_OBJC_ARC = YES;
				CLANG_ENABLE_OBJC_WEAK = YES;
				CLANG_WARN_BLOCK_CAPTURE_AUTORELEASING = YES;
				CLANG_WARN_BOOL_CONVERSION = YES;
				CLANG_WARN_COMMA = YES;
				CLANG_WARN_CONSTANT_CONVERSION = YES;
				CLANG_WARN_DEPRECATED_OBJC_IMPLEMENTATIONS = YES;
				CLANG_WARN_DIRECT_OBJC_ISA_USAGE = YES_ERROR;
				CLANG_WARN_DOCUMENTATION_COMMENTS = YES;
				CLANG_WARN_EMPTY_BODY = YES;
				CLANG_WARN_ENUM_CONVERSION = YES;
				CLANG_WARN_INFINITE_RECURSION = YES;
				CLANG_WARN_INT_CONVERSION = YES;
				CLANG_WARN_NON_LITERAL_NULL_CONVERSION = YES;
				CLANG_WARN_OBJC_IMPLICIT_RETAIN_SELF = YES;
				CLANG_WARN_OBJC_LITERAL_CONVERSION = YES;
				CLANG_WARN_OBJC_ROOT_CLASS = YES_ERROR;
				CLANG_WARN_QUOTED_INCLUDE_IN_FRAMEWORK_HEADER = YES;
				CLANG_WARN_RANGE_LOOP_ANALYSIS = YES;
				CLANG_WARN_STRICT_PROTOTYPES = YES;
				CLANG_WARN_SUSPICIOUS_MOVE = YES;
				CLANG_WARN_UNGUARDED_AVAILABILITY = YES_AGGRESSIVE;
				CLANG_WARN_UNREACHABLE_CODE = YES;
				CLANG_WARN__DUPLICATE_METHOD_MATCH = YES;
				COPY_PHASE_STRIP = NO;
				DEBUG_INFORMATION_FORMAT = dwarf;
				ENABLE_STRICT_OBJC_MSGSEND = YES;
				ENABLE_TESTABILITY = YES;
				GCC_C_LANGUAGE_STANDARD = gnu11;
				GCC_DYNAMIC_NO_PIC = NO;
				GCC_NO_COMMON_BLOCKS = YES;
				GCC_OPTIMIZATION_LEVEL = 0;
				GCC_PREPROCESSOR_DEFINITIONS = (
					"DEBUG=1",
					"$(inherited)",
				);
				GCC_WARN_64_TO_32_BIT_CONVERSION = YES;
				GCC_WARN_ABOUT_RETURN_TYPE = YES_ERROR;
				GCC_WARN_UNDECLARED_SELECTOR = YES;
				GCC_WARN_UNINITIALIZED_AUTOS = YES_AGGRESSIVE;
				GCC_WARN_UNUSED_FUNCTION = YES;
				GCC_WARN_UNUSED_VARIABLE = YES;
				IPHONEOS_DEPLOYMENT_TARGET = 16.0;
				MTL_ENABLE_DEBUG_INFO = INCLUDE_SOURCE;
				MTL_FAST_MATH = YES;
				ONLY_ACTIVE_ARCH = YES;
				SDKROOT = iphoneos;
				SWIFT_ACTIVE_COMPILATION_CONDITIONS = DEBUG;
				SWIFT_OPTIMIZATION_LEVEL = "-Onone";
			};
			name = Debug;
		};
		18144E88291CDFC2000223D9 /* Release */ = {
			isa = XCBuildConfiguration;
			buildSettings = {
				ALWAYS_SEARCH_USER_PATHS = NO;
				CLANG_ANALYZER_NONNULL = YES;
				CLANG_ANALYZER_NUMBER_OBJECT_CONVERSION = YES_AGGRESSIVE;
				CLANG_CXX_LANGUAGE_STANDARD = "gnu++20";
				CLANG_ENABLE_MODULES = YES;
				CLANG_ENABLE_OBJC_ARC = YES;
				CLANG_ENABLE_OBJC_WEAK = YES;
				CLANG_WARN_BLOCK_CAPTURE_AUTORELEASING = YES;
				CLANG_WARN_BOOL_CONVERSION = YES;
				CLANG_WARN_COMMA = YES;
				CLANG_WARN_CONSTANT_CONVERSION = YES;
				CLANG_WARN_DEPRECATED_OBJC_IMPLEMENTATIONS = YES;
				CLANG_WARN_DIRECT_OBJC_ISA_USAGE = YES_ERROR;
				CLANG_WARN_DOCUMENTATION_COMMENTS = YES;
				CLANG_WARN_EMPTY_BODY = YES;
				CLANG_WARN_ENUM_CONVERSION = YES;
				CLANG_WARN_INFINITE_RECURSION = YES;
				CLANG_WARN_INT_CONVERSION = YES;
				CLANG_WARN_NON_LITERAL_NULL_CONVERSION = YES;
				CLANG_WARN_OBJC_IMPLICIT_RETAIN_SELF = YES;
				CLANG_WARN_OBJC_LITERAL_CONVERSION = YES;
				CLANG_WARN_OBJC_ROOT_CLASS = YES_ERROR;
				CLANG_WARN_QUOTED_INCLUDE_IN_FRAMEWORK_HEADER = YES;
				CLANG_WARN_RANGE_LOOP_ANALYSIS = YES;
				CLANG_WARN_STRICT_PROTOTYPES = YES;
				CLANG_WARN_SUSPICIOUS_MOVE = YES;
				CLANG_WARN_UNGUARDED_AVAILABILITY = YES_AGGRESSIVE;
				CLANG_WARN_UNREACHABLE_CODE = YES;
				CLANG_WARN__DUPLICATE_METHOD_MATCH = YES;
				COPY_PHASE_STRIP = NO;
				DEBUG_INFORMATION_FORMAT = "dwarf-with-dsym";
				ENABLE_NS_ASSERTIONS = NO;
				ENABLE_STRICT_OBJC_MSGSEND = YES;
				GCC_C_LANGUAGE_STANDARD = gnu11;
				GCC_NO_COMMON_BLOCKS = YES;
				GCC_WARN_64_TO_32_BIT_CONVERSION = YES;
				GCC_WARN_ABOUT_RETURN_TYPE = YES_ERROR;
				GCC_WARN_UNDECLARED_SELECTOR = YES;
				GCC_WARN_UNINITIALIZED_AUTOS = YES_AGGRESSIVE;
				GCC_WARN_UNUSED_FUNCTION = YES;
				GCC_WARN_UNUSED_VARIABLE = YES;
				IPHONEOS_DEPLOYMENT_TARGET = 16.0;
				MTL_ENABLE_DEBUG_INFO = NO;
				MTL_FAST_MATH = YES;
				SDKROOT = iphoneos;
				SWIFT_COMPILATION_MODE = wholemodule;
				SWIFT_OPTIMIZATION_LEVEL = "-O";
				VALIDATE_PRODUCT = YES;
			};
			name = Release;
		};
		18144E8A291CDFC2000223D9 /* Debug */ = {
			isa = XCBuildConfiguration;
			buildSettings = {
				ASSETCATALOG_COMPILER_APPICON_NAME = AppIcon;
				ASSETCATALOG_COMPILER_GLOBAL_ACCENT_COLOR_NAME = AccentColor;
				ASSETCATALOG_COMPILER_INCLUDE_ALL_APPICON_ASSETS = YES;
				CODE_SIGN_STYLE = Automatic;
				CURRENT_PROJECT_VERSION = 1;
				DEVELOPMENT_ASSET_PATHS = "\"8.6 coredata music/Preview Content\"";
				DEVELOPMENT_TEAM = 65Y36WN836;
				ENABLE_PREVIEWS = YES;
				GENERATE_INFOPLIST_FILE = YES;
				INFOPLIST_FILE = "--6-coredata-music-Info.plist";
				INFOPLIST_KEY_CFBundleDisplayName = "Shortie Music";
				INFOPLIST_KEY_LSApplicationCategoryType = "public.app-category.entertainment";
				INFOPLIST_KEY_UIApplicationSceneManifest_Generation = YES;
				INFOPLIST_KEY_UIApplicationSupportsIndirectInputEvents = YES;
				INFOPLIST_KEY_UIStatusBarStyle = UIStatusBarStyleDarkContent;
				INFOPLIST_KEY_UISupportedInterfaceOrientations_iPad = "UIInterfaceOrientationPortrait UIInterfaceOrientationPortraitUpsideDown UIInterfaceOrientationLandscapeLeft UIInterfaceOrientationLandscapeRight";
				INFOPLIST_KEY_UISupportedInterfaceOrientations_iPhone = "UIInterfaceOrientationPortrait UIInterfaceOrientationLandscapeLeft UIInterfaceOrientationLandscapeRight";
				LD_RUNPATH_SEARCH_PATHS = (
					"$(inherited)",
					"@executable_path/Frameworks",
				);
				MARKETING_VERSION = 1.1;
				PRODUCT_BUNDLE_IDENTIFIER = "com.alen.app.--22";
				PRODUCT_NAME = "$(TARGET_NAME)";
				SUPPORTED_PLATFORMS = "iphoneos iphonesimulator";
				SUPPORTS_MACCATALYST = NO;
				SUPPORTS_MAC_DESIGNED_FOR_IPHONE_IPAD = NO;
				SWIFT_EMIT_LOC_STRINGS = YES;
				SWIFT_VERSION = 5.0;
				TARGETED_DEVICE_FAMILY = "1,2";
			};
			name = Debug;
		};
		18144E8B291CDFC2000223D9 /* Release */ = {
			isa = XCBuildConfiguration;
			buildSettings = {
				ASSETCATALOG_COMPILER_APPICON_NAME = AppIcon;
				ASSETCATALOG_COMPILER_GLOBAL_ACCENT_COLOR_NAME = AccentColor;
				ASSETCATALOG_COMPILER_INCLUDE_ALL_APPICON_ASSETS = YES;
				CODE_SIGN_STYLE = Automatic;
				CURRENT_PROJECT_VERSION = 1;
				DEVELOPMENT_ASSET_PATHS = "\"8.6 coredata music/Preview Content\"";
				DEVELOPMENT_TEAM = 65Y36WN836;
				ENABLE_PREVIEWS = YES;
				GENERATE_INFOPLIST_FILE = YES;
				INFOPLIST_FILE = "--6-coredata-music-Info.plist";
				INFOPLIST_KEY_CFBundleDisplayName = "Shortie Music";
				INFOPLIST_KEY_LSApplicationCategoryType = "public.app-category.entertainment";
				INFOPLIST_KEY_UIApplicationSceneManifest_Generation = YES;
				INFOPLIST_KEY_UIApplicationSupportsIndirectInputEvents = YES;
				INFOPLIST_KEY_UIStatusBarStyle = UIStatusBarStyleDarkContent;
				INFOPLIST_KEY_UISupportedInterfaceOrientations_iPad = "UIInterfaceOrientationPortrait UIInterfaceOrientationPortraitUpsideDown UIInterfaceOrientationLandscapeLeft UIInterfaceOrientationLandscapeRight";
				INFOPLIST_KEY_UISupportedInterfaceOrientations_iPhone = "UIInterfaceOrientationPortrait UIInterfaceOrientationLandscapeLeft UIInterfaceOrientationLandscapeRight";
				LD_RUNPATH_SEARCH_PATHS = (
					"$(inherited)",
					"@executable_path/Frameworks",
				);
				MARKETING_VERSION = 1.1;
				PRODUCT_BUNDLE_IDENTIFIER = "com.alen.app.--22";
				PRODUCT_NAME = "$(TARGET_NAME)";
				SUPPORTED_PLATFORMS = "iphoneos iphonesimulator";
				SUPPORTS_MACCATALYST = NO;
				SUPPORTS_MAC_DESIGNED_FOR_IPHONE_IPAD = NO;
				SWIFT_EMIT_LOC_STRINGS = YES;
				SWIFT_VERSION = 5.0;
				TARGETED_DEVICE_FAMILY = "1,2";
			};
			name = Release;
		};
/* End XCBuildConfiguration section */

/* Begin XCConfigurationList section */
		18144E76291CDFC1000223D9 /* Build configuration list for PBXProject "8.6 coredata music" */ = {
			isa = XCConfigurationList;
			buildConfigurations = (
				18144E87291CDFC2000223D9 /* Debug */,
				18144E88291CDFC2000223D9 /* Release */,
			);
			defaultConfigurationIsVisible = 0;
			defaultConfigurationName = Release;
		};
		18144E89291CDFC2000223D9 /* Build configuration list for PBXNativeTarget "8.6 coredata music" */ = {
			isa = XCConfigurationList;
			buildConfigurations = (
				18144E8A291CDFC2000223D9 /* Debug */,
				18144E8B291CDFC2000223D9 /* Release */,
			);
			defaultConfigurationIsVisible = 0;
			defaultConfigurationName = Release;
		};
/* End XCConfigurationList section */

/* Begin XCVersionGroup section */
		18144E94291CFB36000223D9 /* musicPlayerDB.xcdatamodeld */ = {
			isa = XCVersionGroup;
			children = (
				18144E95291CFB36000223D9 /* musicPlayerDB.xcdatamodel */,
			);
			currentVersion = 18144E95291CFB36000223D9 /* musicPlayerDB.xcdatamodel */;
			path = musicPlayerDB.xcdatamodeld;
			sourceTree = "<group>";
			versionGroupType = wrapper.xcdatamodel;
		};
/* End XCVersionGroup section */
	};
	rootObject = 18144E73291CDFC1000223D9 /* Project object */;
}
